// !$*UTF8*$!
{
	archiveVersion = 1;
	classes = {
	};
	objectVersion = 56;
	objects = {

/* Begin PBXBuildFile section */
		1D81302CC04ECA08FC38DF46 /* Pods_KatTokTests.framework in Frameworks */ = {isa = PBXBuildFile; fileRef = FCAC6E1B66DAE61C95D17413 /* Pods_KatTokTests.framework */; };
		2B89B9D22D1A24BEFF7A81B6 /* Pods_KatTok_KatTokUITests.framework in Frameworks */ = {isa = PBXBuildFile; fileRef = BAAC4281278CBE52FDFAEB89 /* Pods_KatTok_KatTokUITests.framework */; };
		E91526B52A6D0B9900274430 /* AppDelegate.swift in Sources */ = {isa = PBXBuildFile; fileRef = E91526B42A6D0B9900274430 /* AppDelegate.swift */; };
		E91526B72A6D0B9900274430 /* SceneDelegate.swift in Sources */ = {isa = PBXBuildFile; fileRef = E91526B62A6D0B9900274430 /* SceneDelegate.swift */; };
		E91526B92A6D0B9900274430 /* ViewController.swift in Sources */ = {isa = PBXBuildFile; fileRef = E91526B82A6D0B9900274430 /* ViewController.swift */; };
		E91526BC2A6D0B9900274430 /* Main.storyboard in Resources */ = {isa = PBXBuildFile; fileRef = E91526BA2A6D0B9900274430 /* Main.storyboard */; };
		E91526BE2A6D0B9B00274430 /* Assets.xcassets in Resources */ = {isa = PBXBuildFile; fileRef = E91526BD2A6D0B9B00274430 /* Assets.xcassets */; };
		E91526C12A6D0B9B00274430 /* LaunchScreen.storyboard in Resources */ = {isa = PBXBuildFile; fileRef = E91526BF2A6D0B9B00274430 /* LaunchScreen.storyboard */; };
		E91526CC2A6D0B9B00274430 /* KatTokTests.swift in Sources */ = {isa = PBXBuildFile; fileRef = E91526CB2A6D0B9B00274430 /* KatTokTests.swift */; };
		E91526D62A6D0B9B00274430 /* KatTokUITests.swift in Sources */ = {isa = PBXBuildFile; fileRef = E91526D52A6D0B9B00274430 /* KatTokUITests.swift */; };
		E91526D82A6D0B9B00274430 /* KatTokUITestsLaunchTests.swift in Sources */ = {isa = PBXBuildFile; fileRef = E91526D72A6D0B9B00274430 /* KatTokUITestsLaunchTests.swift */; };
		E91526E72A6D134300274430 /* GoogleService-Info.plist in Resources */ = {isa = PBXBuildFile; fileRef = E91526E62A6D134300274430 /* GoogleService-Info.plist */; };
		E91526EA2A6D172500274430 /* AppCoordinator.swift in Sources */ = {isa = PBXBuildFile; fileRef = E91526E92A6D172500274430 /* AppCoordinator.swift */; };
		E91526EC2A6D173F00274430 /* DIContainer.swift in Sources */ = {isa = PBXBuildFile; fileRef = E91526EB2A6D173F00274430 /* DIContainer.swift */; };
		E91526EE2A6D175100274430 /* CoordinatorProtocol.swift in Sources */ = {isa = PBXBuildFile; fileRef = E91526ED2A6D175100274430 /* CoordinatorProtocol.swift */; };
		E91526F12A6D188700274430 /* FirebaseService.swift in Sources */ = {isa = PBXBuildFile; fileRef = E91526F02A6D188700274430 /* FirebaseService.swift */; };
		E91526F62A6D1B4400274430 /* TabBarCoordinator.swift in Sources */ = {isa = PBXBuildFile; fileRef = E91526F52A6D1B4400274430 /* TabBarCoordinator.swift */; };
		E915270D2A6D27AD00274430 /* ShortsCoordinator.swift in Sources */ = {isa = PBXBuildFile; fileRef = E915270C2A6D27AD00274430 /* ShortsCoordinator.swift */; };
		E915270F2A6D28AE00274430 /* ShortsViewController.swift in Sources */ = {isa = PBXBuildFile; fileRef = E915270E2A6D28AE00274430 /* ShortsViewController.swift */; };
		E91527112A6D28E900274430 /* ShortsViewModel.swift in Sources */ = {isa = PBXBuildFile; fileRef = E91527102A6D28E900274430 /* ShortsViewModel.swift */; };
		E91527132A6D2ACD00274430 /* BrowseViewModel.swift in Sources */ = {isa = PBXBuildFile; fileRef = E91527122A6D2ACD00274430 /* BrowseViewModel.swift */; };
		E91527152A6D2B0100274430 /* UploadViewModel.swift in Sources */ = {isa = PBXBuildFile; fileRef = E91527142A6D2B0100274430 /* UploadViewModel.swift */; };
		E91527172A6D2B2600274430 /* ChatViewModel.swift in Sources */ = {isa = PBXBuildFile; fileRef = E91527162A6D2B2600274430 /* ChatViewModel.swift */; };
		E91527192A6D2B3C00274430 /* ProfileViewModel.swift in Sources */ = {isa = PBXBuildFile; fileRef = E91527182A6D2B3C00274430 /* ProfileViewModel.swift */; };
		E915271B2A6D2B7700274430 /* BrowseViewController.swift in Sources */ = {isa = PBXBuildFile; fileRef = E915271A2A6D2B7700274430 /* BrowseViewController.swift */; };
		E915271D2A6D2BB400274430 /* UploadViewController.swift in Sources */ = {isa = PBXBuildFile; fileRef = E915271C2A6D2BB400274430 /* UploadViewController.swift */; };
		E915271F2A6D2BBF00274430 /* ChatViewController.swift in Sources */ = {isa = PBXBuildFile; fileRef = E915271E2A6D2BBF00274430 /* ChatViewController.swift */; };
		E91527212A6D2BCE00274430 /* ProfileViewController.swift in Sources */ = {isa = PBXBuildFile; fileRef = E91527202A6D2BCE00274430 /* ProfileViewController.swift */; };
		E91527232A6D2EA800274430 /* BrowseCoordinator.swift in Sources */ = {isa = PBXBuildFile; fileRef = E91527222A6D2EA800274430 /* BrowseCoordinator.swift */; };
		E91527252A6D2EBF00274430 /* UploadCoordinator.swift in Sources */ = {isa = PBXBuildFile; fileRef = E91527242A6D2EBF00274430 /* UploadCoordinator.swift */; };
		E91527272A6D2ECD00274430 /* ChatCoordinator.swift in Sources */ = {isa = PBXBuildFile; fileRef = E91527262A6D2ECD00274430 /* ChatCoordinator.swift */; };
		E91527292A6D2EDD00274430 /* ProfileCoordinator.swift in Sources */ = {isa = PBXBuildFile; fileRef = E91527282A6D2EDD00274430 /* ProfileCoordinator.swift */; };
		E915272C2A6D446B00274430 /* TabBarViewController.swift in Sources */ = {isa = PBXBuildFile; fileRef = E915272B2A6D446B00274430 /* TabBarViewController.swift */; };
		E915272E2A6D8A0300274430 /* UploadShortsCoordinator.swift in Sources */ = {isa = PBXBuildFile; fileRef = E915272D2A6D8A0300274430 /* UploadShortsCoordinator.swift */; };
		F5F9F36D640CDA23CA971469 /* Pods_KatTok.framework in Frameworks */ = {isa = PBXBuildFile; fileRef = 1A4EB6605EE841A2F8893B36 /* Pods_KatTok.framework */; };
/* End PBXBuildFile section */

/* Begin PBXContainerItemProxy section */
		E91526C82A6D0B9B00274430 /* PBXContainerItemProxy */ = {
			isa = PBXContainerItemProxy;
			containerPortal = E91526A92A6D0B9900274430 /* Project object */;
			proxyType = 1;
			remoteGlobalIDString = E91526B02A6D0B9900274430;
			remoteInfo = KatTok;
		};
		E91526D22A6D0B9B00274430 /* PBXContainerItemProxy */ = {
			isa = PBXContainerItemProxy;
			containerPortal = E91526A92A6D0B9900274430 /* Project object */;
			proxyType = 1;
			remoteGlobalIDString = E91526B02A6D0B9900274430;
			remoteInfo = KatTok;
		};
/* End PBXContainerItemProxy section */

/* Begin PBXFileReference section */
		1A4EB6605EE841A2F8893B36 /* Pods_KatTok.framework */ = {isa = PBXFileReference; explicitFileType = wrapper.framework; includeInIndex = 0; path = Pods_KatTok.framework; sourceTree = BUILT_PRODUCTS_DIR; };
		4647641FF8A41173576C2EE8 /* Pods-KatTok.debug.xcconfig */ = {isa = PBXFileReference; includeInIndex = 1; lastKnownFileType = text.xcconfig; name = "Pods-KatTok.debug.xcconfig"; path = "Target Support Files/Pods-KatTok/Pods-KatTok.debug.xcconfig"; sourceTree = "<group>"; };
		4E8BAFF5584ED7567A98CBCE /* Pods-KatTokTests.debug.xcconfig */ = {isa = PBXFileReference; includeInIndex = 1; lastKnownFileType = text.xcconfig; name = "Pods-KatTokTests.debug.xcconfig"; path = "Target Support Files/Pods-KatTokTests/Pods-KatTokTests.debug.xcconfig"; sourceTree = "<group>"; };
		6452872E346877F8936183EE /* Pods-KatTok-KatTokUITests.debug.xcconfig */ = {isa = PBXFileReference; includeInIndex = 1; lastKnownFileType = text.xcconfig; name = "Pods-KatTok-KatTokUITests.debug.xcconfig"; path = "Target Support Files/Pods-KatTok-KatTokUITests/Pods-KatTok-KatTokUITests.debug.xcconfig"; sourceTree = "<group>"; };
		6E568DA57AC39AE977DA86D9 /* Pods-KatTokTests.release.xcconfig */ = {isa = PBXFileReference; includeInIndex = 1; lastKnownFileType = text.xcconfig; name = "Pods-KatTokTests.release.xcconfig"; path = "Target Support Files/Pods-KatTokTests/Pods-KatTokTests.release.xcconfig"; sourceTree = "<group>"; };
		7CA9FB09B2361F364B67322B /* Pods-KatTok.release.xcconfig */ = {isa = PBXFileReference; includeInIndex = 1; lastKnownFileType = text.xcconfig; name = "Pods-KatTok.release.xcconfig"; path = "Target Support Files/Pods-KatTok/Pods-KatTok.release.xcconfig"; sourceTree = "<group>"; };
		BAAC4281278CBE52FDFAEB89 /* Pods_KatTok_KatTokUITests.framework */ = {isa = PBXFileReference; explicitFileType = wrapper.framework; includeInIndex = 0; path = Pods_KatTok_KatTokUITests.framework; sourceTree = BUILT_PRODUCTS_DIR; };
		D81AF229E4AD4861B058DBF7 /* Pods-KatTok-KatTokUITests.release.xcconfig */ = {isa = PBXFileReference; includeInIndex = 1; lastKnownFileType = text.xcconfig; name = "Pods-KatTok-KatTokUITests.release.xcconfig"; path = "Target Support Files/Pods-KatTok-KatTokUITests/Pods-KatTok-KatTokUITests.release.xcconfig"; sourceTree = "<group>"; };
		E91526B12A6D0B9900274430 /* KatTok.app */ = {isa = PBXFileReference; explicitFileType = wrapper.application; includeInIndex = 0; path = KatTok.app; sourceTree = BUILT_PRODUCTS_DIR; };
		E91526B42A6D0B9900274430 /* AppDelegate.swift */ = {isa = PBXFileReference; lastKnownFileType = sourcecode.swift; path = AppDelegate.swift; sourceTree = "<group>"; };
		E91526B62A6D0B9900274430 /* SceneDelegate.swift */ = {isa = PBXFileReference; lastKnownFileType = sourcecode.swift; path = SceneDelegate.swift; sourceTree = "<group>"; };
		E91526B82A6D0B9900274430 /* ViewController.swift */ = {isa = PBXFileReference; lastKnownFileType = sourcecode.swift; path = ViewController.swift; sourceTree = "<group>"; };
		E91526BB2A6D0B9900274430 /* Base */ = {isa = PBXFileReference; lastKnownFileType = file.storyboard; name = Base; path = Base.lproj/Main.storyboard; sourceTree = "<group>"; };
		E91526BD2A6D0B9B00274430 /* Assets.xcassets */ = {isa = PBXFileReference; lastKnownFileType = folder.assetcatalog; path = Assets.xcassets; sourceTree = "<group>"; };
		E91526C02A6D0B9B00274430 /* Base */ = {isa = PBXFileReference; lastKnownFileType = file.storyboard; name = Base; path = Base.lproj/LaunchScreen.storyboard; sourceTree = "<group>"; };
		E91526C22A6D0B9B00274430 /* Info.plist */ = {isa = PBXFileReference; lastKnownFileType = text.plist.xml; path = Info.plist; sourceTree = "<group>"; };
		E91526C72A6D0B9B00274430 /* KatTokTests.xctest */ = {isa = PBXFileReference; explicitFileType = wrapper.cfbundle; includeInIndex = 0; path = KatTokTests.xctest; sourceTree = BUILT_PRODUCTS_DIR; };
		E91526CB2A6D0B9B00274430 /* KatTokTests.swift */ = {isa = PBXFileReference; lastKnownFileType = sourcecode.swift; path = KatTokTests.swift; sourceTree = "<group>"; };
		E91526D12A6D0B9B00274430 /* KatTokUITests.xctest */ = {isa = PBXFileReference; explicitFileType = wrapper.cfbundle; includeInIndex = 0; path = KatTokUITests.xctest; sourceTree = BUILT_PRODUCTS_DIR; };
		E91526D52A6D0B9B00274430 /* KatTokUITests.swift */ = {isa = PBXFileReference; lastKnownFileType = sourcecode.swift; path = KatTokUITests.swift; sourceTree = "<group>"; };
		E91526D72A6D0B9B00274430 /* KatTokUITestsLaunchTests.swift */ = {isa = PBXFileReference; lastKnownFileType = sourcecode.swift; path = KatTokUITestsLaunchTests.swift; sourceTree = "<group>"; };
		E91526E62A6D134300274430 /* GoogleService-Info.plist */ = {isa = PBXFileReference; fileEncoding = 4; lastKnownFileType = text.plist.xml; name = "GoogleService-Info.plist"; path = "../../../Downloads/GoogleService-Info.plist"; sourceTree = "<group>"; };
		E91526E92A6D172500274430 /* AppCoordinator.swift */ = {isa = PBXFileReference; lastKnownFileType = sourcecode.swift; path = AppCoordinator.swift; sourceTree = "<group>"; };
		E91526EB2A6D173F00274430 /* DIContainer.swift */ = {isa = PBXFileReference; lastKnownFileType = sourcecode.swift; path = DIContainer.swift; sourceTree = "<group>"; };
		E91526ED2A6D175100274430 /* CoordinatorProtocol.swift */ = {isa = PBXFileReference; lastKnownFileType = sourcecode.swift; path = CoordinatorProtocol.swift; sourceTree = "<group>"; };
		E91526F02A6D188700274430 /* FirebaseService.swift */ = {isa = PBXFileReference; lastKnownFileType = sourcecode.swift; path = FirebaseService.swift; sourceTree = "<group>"; };
		E91526F52A6D1B4400274430 /* TabBarCoordinator.swift */ = {isa = PBXFileReference; lastKnownFileType = sourcecode.swift; path = TabBarCoordinator.swift; sourceTree = "<group>"; };
		E915270C2A6D27AD00274430 /* ShortsCoordinator.swift */ = {isa = PBXFileReference; lastKnownFileType = sourcecode.swift; path = ShortsCoordinator.swift; sourceTree = "<group>"; };
		E915270E2A6D28AE00274430 /* ShortsViewController.swift */ = {isa = PBXFileReference; lastKnownFileType = sourcecode.swift; path = ShortsViewController.swift; sourceTree = "<group>"; };
		E91527102A6D28E900274430 /* ShortsViewModel.swift */ = {isa = PBXFileReference; lastKnownFileType = sourcecode.swift; path = ShortsViewModel.swift; sourceTree = "<group>"; };
		E91527122A6D2ACD00274430 /* BrowseViewModel.swift */ = {isa = PBXFileReference; lastKnownFileType = sourcecode.swift; path = BrowseViewModel.swift; sourceTree = "<group>"; };
		E91527142A6D2B0100274430 /* UploadViewModel.swift */ = {isa = PBXFileReference; lastKnownFileType = sourcecode.swift; path = UploadViewModel.swift; sourceTree = "<group>"; };
		E91527162A6D2B2600274430 /* ChatViewModel.swift */ = {isa = PBXFileReference; lastKnownFileType = sourcecode.swift; path = ChatViewModel.swift; sourceTree = "<group>"; };
		E91527182A6D2B3C00274430 /* ProfileViewModel.swift */ = {isa = PBXFileReference; lastKnownFileType = sourcecode.swift; path = ProfileViewModel.swift; sourceTree = "<group>"; };
		E915271A2A6D2B7700274430 /* BrowseViewController.swift */ = {isa = PBXFileReference; lastKnownFileType = sourcecode.swift; path = BrowseViewController.swift; sourceTree = "<group>"; };
		E915271C2A6D2BB400274430 /* UploadViewController.swift */ = {isa = PBXFileReference; lastKnownFileType = sourcecode.swift; path = UploadViewController.swift; sourceTree = "<group>"; };
		E915271E2A6D2BBF00274430 /* ChatViewController.swift */ = {isa = PBXFileReference; lastKnownFileType = sourcecode.swift; path = ChatViewController.swift; sourceTree = "<group>"; };
		E91527202A6D2BCE00274430 /* ProfileViewController.swift */ = {isa = PBXFileReference; lastKnownFileType = sourcecode.swift; path = ProfileViewController.swift; sourceTree = "<group>"; };
		E91527222A6D2EA800274430 /* BrowseCoordinator.swift */ = {isa = PBXFileReference; lastKnownFileType = sourcecode.swift; path = BrowseCoordinator.swift; sourceTree = "<group>"; };
		E91527242A6D2EBF00274430 /* UploadCoordinator.swift */ = {isa = PBXFileReference; lastKnownFileType = sourcecode.swift; path = UploadCoordinator.swift; sourceTree = "<group>"; };
		E91527262A6D2ECD00274430 /* ChatCoordinator.swift */ = {isa = PBXFileReference; lastKnownFileType = sourcecode.swift; path = ChatCoordinator.swift; sourceTree = "<group>"; };
		E91527282A6D2EDD00274430 /* ProfileCoordinator.swift */ = {isa = PBXFileReference; lastKnownFileType = sourcecode.swift; path = ProfileCoordinator.swift; sourceTree = "<group>"; };
		E915272B2A6D446B00274430 /* TabBarViewController.swift */ = {isa = PBXFileReference; lastKnownFileType = sourcecode.swift; path = TabBarViewController.swift; sourceTree = "<group>"; };
		E915272D2A6D8A0300274430 /* UploadShortsCoordinator.swift */ = {isa = PBXFileReference; lastKnownFileType = sourcecode.swift; path = UploadShortsCoordinator.swift; sourceTree = "<group>"; };
		FCAC6E1B66DAE61C95D17413 /* Pods_KatTokTests.framework */ = {isa = PBXFileReference; explicitFileType = wrapper.framework; includeInIndex = 0; path = Pods_KatTokTests.framework; sourceTree = BUILT_PRODUCTS_DIR; };
/* End PBXFileReference section */

/* Begin PBXFrameworksBuildPhase section */
		E91526AE2A6D0B9900274430 /* Frameworks */ = {
			isa = PBXFrameworksBuildPhase;
			buildActionMask = 2147483647;
			files = (
				F5F9F36D640CDA23CA971469 /* Pods_KatTok.framework in Frameworks */,
			);
			runOnlyForDeploymentPostprocessing = 0;
		};
		E91526C42A6D0B9B00274430 /* Frameworks */ = {
			isa = PBXFrameworksBuildPhase;
			buildActionMask = 2147483647;
			files = (
				1D81302CC04ECA08FC38DF46 /* Pods_KatTokTests.framework in Frameworks */,
			);
			runOnlyForDeploymentPostprocessing = 0;
		};
		E91526CE2A6D0B9B00274430 /* Frameworks */ = {
			isa = PBXFrameworksBuildPhase;
			buildActionMask = 2147483647;
			files = (
				2B89B9D22D1A24BEFF7A81B6 /* Pods_KatTok_KatTokUITests.framework in Frameworks */,
			);
			runOnlyForDeploymentPostprocessing = 0;
		};
/* End PBXFrameworksBuildPhase section */

/* Begin PBXGroup section */
		A1A255E9F5C3E976DF19649D /* Frameworks */ = {
			isa = PBXGroup;
			children = (
				1A4EB6605EE841A2F8893B36 /* Pods_KatTok.framework */,
				BAAC4281278CBE52FDFAEB89 /* Pods_KatTok_KatTokUITests.framework */,
				FCAC6E1B66DAE61C95D17413 /* Pods_KatTokTests.framework */,
			);
			name = Frameworks;
			sourceTree = "<group>";
		};
		DFE0330143D923F9F6903576 /* Pods */ = {
			isa = PBXGroup;
			children = (
				4647641FF8A41173576C2EE8 /* Pods-KatTok.debug.xcconfig */,
				7CA9FB09B2361F364B67322B /* Pods-KatTok.release.xcconfig */,
				6452872E346877F8936183EE /* Pods-KatTok-KatTokUITests.debug.xcconfig */,
				D81AF229E4AD4861B058DBF7 /* Pods-KatTok-KatTokUITests.release.xcconfig */,
				4E8BAFF5584ED7567A98CBCE /* Pods-KatTokTests.debug.xcconfig */,
				6E568DA57AC39AE977DA86D9 /* Pods-KatTokTests.release.xcconfig */,
			);
			path = Pods;
			sourceTree = "<group>";
		};
		E91526A82A6D0B9900274430 = {
			isa = PBXGroup;
			children = (
				E91526B32A6D0B9900274430 /* KatTok */,
				E91526CA2A6D0B9B00274430 /* KatTokTests */,
				E91526D42A6D0B9B00274430 /* KatTokUITests */,
				E91526B22A6D0B9900274430 /* Products */,
				DFE0330143D923F9F6903576 /* Pods */,
				A1A255E9F5C3E976DF19649D /* Frameworks */,
			);
			sourceTree = "<group>";
		};
		E91526B22A6D0B9900274430 /* Products */ = {
			isa = PBXGroup;
			children = (
				E91526B12A6D0B9900274430 /* KatTok.app */,
				E91526C72A6D0B9B00274430 /* KatTokTests.xctest */,
				E91526D12A6D0B9B00274430 /* KatTokUITests.xctest */,
			);
			name = Products;
			sourceTree = "<group>";
		};
		E91526B32A6D0B9900274430 /* KatTok */ = {
			isa = PBXGroup;
			children = (
				E91526EF2A6D186700274430 /* InfraStructure */,
				E91526E82A6D16FC00274430 /* Application */,
				E91526F32A6D1B1500274430 /* Presentation */,
				E91526BA2A6D0B9900274430 /* Main.storyboard */,
				E91526BD2A6D0B9B00274430 /* Assets.xcassets */,
				E91526E62A6D134300274430 /* GoogleService-Info.plist */,
				E91526BF2A6D0B9B00274430 /* LaunchScreen.storyboard */,
				E91526B82A6D0B9900274430 /* ViewController.swift */,
				E91526C22A6D0B9B00274430 /* Info.plist */,
			);
			path = KatTok;
			sourceTree = "<group>";
		};
		E91526CA2A6D0B9B00274430 /* KatTokTests */ = {
			isa = PBXGroup;
			children = (
				E91526CB2A6D0B9B00274430 /* KatTokTests.swift */,
			);
			path = KatTokTests;
			sourceTree = "<group>";
		};
		E91526D42A6D0B9B00274430 /* KatTokUITests */ = {
			isa = PBXGroup;
			children = (
				E91526D52A6D0B9B00274430 /* KatTokUITests.swift */,
				E91526D72A6D0B9B00274430 /* KatTokUITestsLaunchTests.swift */,
			);
			path = KatTokUITests;
			sourceTree = "<group>";
		};
		E91526E82A6D16FC00274430 /* Application */ = {
			isa = PBXGroup;
			children = (
				E91526B42A6D0B9900274430 /* AppDelegate.swift */,
				E91526B62A6D0B9900274430 /* SceneDelegate.swift */,
				E91526E92A6D172500274430 /* AppCoordinator.swift */,
				E91526EB2A6D173F00274430 /* DIContainer.swift */,
				E91526ED2A6D175100274430 /* CoordinatorProtocol.swift */,
			);
			path = Application;
			sourceTree = "<group>";
		};
		E91526EF2A6D186700274430 /* InfraStructure */ = {
			isa = PBXGroup;
			children = (
				E91526F22A6D1AFD00274430 /* Network */,
			);
			path = InfraStructure;
			sourceTree = "<group>";
		};
		E91526F22A6D1AFD00274430 /* Network */ = {
			isa = PBXGroup;
			children = (
				E91526F02A6D188700274430 /* FirebaseService.swift */,
			);
			path = Network;
			sourceTree = "<group>";
		};
		E91526F32A6D1B1500274430 /* Presentation */ = {
			isa = PBXGroup;
			children = (
				E91526FC2A6D26D400274430 /* ProfileScene */,
				E91526FB2A6D26C700274430 /* ChatScene */,
				E91526FA2A6D26B900274430 /* UploadScene */,
				E91526F92A6D25F500274430 /* BrowseScene */,
				E91526F82A6D25CF00274430 /* ShortsScene */,
				E91526F42A6D1B3300274430 /* Common */,
			);
			path = Presentation;
			sourceTree = "<group>";
		};
		E91526F42A6D1B3300274430 /* Common */ = {
			isa = PBXGroup;
			children = (
				E915272A2A6D443500274430 /* ViewController */,
				E91526F72A6D1B4B00274430 /* Coordinator */,
			);
			path = Common;
			sourceTree = "<group>";
		};
		E91526F72A6D1B4B00274430 /* Coordinator */ = {
			isa = PBXGroup;
			children = (
				E91526F52A6D1B4400274430 /* TabBarCoordinator.swift */,
			);
			path = Coordinator;
			sourceTree = "<group>";
		};
		E91526F82A6D25CF00274430 /* ShortsScene */ = {
			isa = PBXGroup;
			children = (
				E91526FF2A6D273400274430 /* ViewModel */,
				E91526FE2A6D272900274430 /* ViewController */,
				E91526FD2A6D26F900274430 /* Coordinator */,
			);
			path = ShortsScene;
			sourceTree = "<group>";
		};
		E91526F92A6D25F500274430 /* BrowseScene */ = {
			isa = PBXGroup;
			children = (
				E91527022A6D274D00274430 /* ViewModel */,
				E91527012A6D274400274430 /* ViewController */,
				E91527002A6D273F00274430 /* Coordinator */,
			);
			path = BrowseScene;
			sourceTree = "<group>";
		};
		E91526FA2A6D26B900274430 /* UploadScene */ = {
			isa = PBXGroup;
			children = (
				E91527052A6D275E00274430 /* ViewModel */,
				E91527042A6D275800274430 /* ViewController */,
				E91527032A6D275300274430 /* Coordinator */,
			);
			path = UploadScene;
			sourceTree = "<group>";
		};
		E91526FB2A6D26C700274430 /* ChatScene */ = {
			isa = PBXGroup;
			children = (
				E91527082A6D277100274430 /* ViewModel */,
				E91527072A6D276B00274430 /* ViewController */,
				E91527062A6D276400274430 /* Coordinator */,
			);
			path = ChatScene;
			sourceTree = "<group>";
		};
		E91526FC2A6D26D400274430 /* ProfileScene */ = {
			isa = PBXGroup;
			children = (
				E915270B2A6D278B00274430 /* ViewModel */,
				E915270A2A6D278400274430 /* ViewController */,
				E91527092A6D277E00274430 /* Coordinator */,
			);
			path = ProfileScene;
			sourceTree = "<group>";
		};
		E91526FD2A6D26F900274430 /* Coordinator */ = {
			isa = PBXGroup;
			children = (
				E915270C2A6D27AD00274430 /* ShortsCoordinator.swift */,
			);
			path = Coordinator;
			sourceTree = "<group>";
		};
		E91526FE2A6D272900274430 /* ViewController */ = {
			isa = PBXGroup;
			children = (
				E915270E2A6D28AE00274430 /* ShortsViewController.swift */,
			);
			path = ViewController;
			sourceTree = "<group>";
		};
		E91526FF2A6D273400274430 /* ViewModel */ = {
			isa = PBXGroup;
			children = (
				E91527102A6D28E900274430 /* ShortsViewModel.swift */,
			);
			path = ViewModel;
			sourceTree = "<group>";
		};
		E91527002A6D273F00274430 /* Coordinator */ = {
			isa = PBXGroup;
			children = (
				E91527222A6D2EA800274430 /* BrowseCoordinator.swift */,
			);
			path = Coordinator;
			sourceTree = "<group>";
		};
		E91527012A6D274400274430 /* ViewController */ = {
			isa = PBXGroup;
			children = (
				E915271A2A6D2B7700274430 /* BrowseViewController.swift */,
			);
			path = ViewController;
			sourceTree = "<group>";
		};
		E91527022A6D274D00274430 /* ViewModel */ = {
			isa = PBXGroup;
			children = (
				E91527122A6D2ACD00274430 /* BrowseViewModel.swift */,
			);
			path = ViewModel;
			sourceTree = "<group>";
		};
		E91527032A6D275300274430 /* Coordinator */ = {
			isa = PBXGroup;
			children = (
				E91527242A6D2EBF00274430 /* UploadCoordinator.swift */,
				E915272D2A6D8A0300274430 /* UploadShortsCoordinator.swift */,
			);
			path = Coordinator;
			sourceTree = "<group>";
		};
		E91527042A6D275800274430 /* ViewController */ = {
			isa = PBXGroup;
			children = (
				E915271C2A6D2BB400274430 /* UploadViewController.swift */,
			);
			path = ViewController;
			sourceTree = "<group>";
		};
		E91527052A6D275E00274430 /* ViewModel */ = {
			isa = PBXGroup;
			children = (
				E91527142A6D2B0100274430 /* UploadViewModel.swift */,
			);
			path = ViewModel;
			sourceTree = "<group>";
		};
		E91527062A6D276400274430 /* Coordinator */ = {
			isa = PBXGroup;
			children = (
				E91527262A6D2ECD00274430 /* ChatCoordinator.swift */,
			);
			path = Coordinator;
			sourceTree = "<group>";
		};
		E91527072A6D276B00274430 /* ViewController */ = {
			isa = PBXGroup;
			children = (
				E915271E2A6D2BBF00274430 /* ChatViewController.swift */,
			);
			path = ViewController;
			sourceTree = "<group>";
		};
		E91527082A6D277100274430 /* ViewModel */ = {
			isa = PBXGroup;
			children = (
				E91527162A6D2B2600274430 /* ChatViewModel.swift */,
			);
			path = ViewModel;
			sourceTree = "<group>";
		};
		E91527092A6D277E00274430 /* Coordinator */ = {
			isa = PBXGroup;
			children = (
				E91527282A6D2EDD00274430 /* ProfileCoordinator.swift */,
			);
			path = Coordinator;
			sourceTree = "<group>";
		};
		E915270A2A6D278400274430 /* ViewController */ = {
			isa = PBXGroup;
			children = (
				E91527202A6D2BCE00274430 /* ProfileViewController.swift */,
			);
			path = ViewController;
			sourceTree = "<group>";
		};
		E915270B2A6D278B00274430 /* ViewModel */ = {
			isa = PBXGroup;
			children = (
				E91527182A6D2B3C00274430 /* ProfileViewModel.swift */,
			);
			path = ViewModel;
			sourceTree = "<group>";
		};
		E915272A2A6D443500274430 /* ViewController */ = {
			isa = PBXGroup;
			children = (
				E915272B2A6D446B00274430 /* TabBarViewController.swift */,
			);
			path = ViewController;
			sourceTree = "<group>";
		};
/* End PBXGroup section */

/* Begin PBXNativeTarget section */
		E91526B02A6D0B9900274430 /* KatTok */ = {
			isa = PBXNativeTarget;
			buildConfigurationList = E91526DB2A6D0B9B00274430 /* Build configuration list for PBXNativeTarget "KatTok" */;
			buildPhases = (
				09486B03FE2617598F29C7D2 /* [CP] Check Pods Manifest.lock */,
				E91526AD2A6D0B9900274430 /* Sources */,
				E91526AE2A6D0B9900274430 /* Frameworks */,
				E91526AF2A6D0B9900274430 /* Resources */,
				EDF5CD9F371CD02421027FDC /* [CP] Embed Pods Frameworks */,
			);
			buildRules = (
			);
			dependencies = (
			);
			name = KatTok;
			productName = KatTok;
			productReference = E91526B12A6D0B9900274430 /* KatTok.app */;
			productType = "com.apple.product-type.application";
		};
		E91526C62A6D0B9B00274430 /* KatTokTests */ = {
			isa = PBXNativeTarget;
			buildConfigurationList = E91526DE2A6D0B9B00274430 /* Build configuration list for PBXNativeTarget "KatTokTests" */;
			buildPhases = (
				3F9AB88E9801DDD217625103 /* [CP] Check Pods Manifest.lock */,
				E91526C32A6D0B9B00274430 /* Sources */,
				E91526C42A6D0B9B00274430 /* Frameworks */,
				E91526C52A6D0B9B00274430 /* Resources */,
			);
			buildRules = (
			);
			dependencies = (
				E91526C92A6D0B9B00274430 /* PBXTargetDependency */,
			);
			name = KatTokTests;
			productName = KatTokTests;
			productReference = E91526C72A6D0B9B00274430 /* KatTokTests.xctest */;
			productType = "com.apple.product-type.bundle.unit-test";
		};
		E91526D02A6D0B9B00274430 /* KatTokUITests */ = {
			isa = PBXNativeTarget;
			buildConfigurationList = E91526E12A6D0B9B00274430 /* Build configuration list for PBXNativeTarget "KatTokUITests" */;
			buildPhases = (
				846CA8E5F16E4EF207160D07 /* [CP] Check Pods Manifest.lock */,
				E91526CD2A6D0B9B00274430 /* Sources */,
				E91526CE2A6D0B9B00274430 /* Frameworks */,
				E91526CF2A6D0B9B00274430 /* Resources */,
				E86FD0C42275A4A0270E3F3B /* [CP] Embed Pods Frameworks */,
			);
			buildRules = (
			);
			dependencies = (
				E91526D32A6D0B9B00274430 /* PBXTargetDependency */,
			);
			name = KatTokUITests;
			productName = KatTokUITests;
			productReference = E91526D12A6D0B9B00274430 /* KatTokUITests.xctest */;
			productType = "com.apple.product-type.bundle.ui-testing";
		};
/* End PBXNativeTarget section */

/* Begin PBXProject section */
		E91526A92A6D0B9900274430 /* Project object */ = {
			isa = PBXProject;
			attributes = {
				BuildIndependentTargetsInParallel = 1;
				LastSwiftUpdateCheck = 1430;
				LastUpgradeCheck = 1430;
				TargetAttributes = {
					E91526B02A6D0B9900274430 = {
						CreatedOnToolsVersion = 14.3.1;
					};
					E91526C62A6D0B9B00274430 = {
						CreatedOnToolsVersion = 14.3.1;
						TestTargetID = E91526B02A6D0B9900274430;
					};
					E91526D02A6D0B9B00274430 = {
						CreatedOnToolsVersion = 14.3.1;
						TestTargetID = E91526B02A6D0B9900274430;
					};
				};
			};
			buildConfigurationList = E91526AC2A6D0B9900274430 /* Build configuration list for PBXProject "KatTok" */;
			compatibilityVersion = "Xcode 14.0";
			developmentRegion = en;
			hasScannedForEncodings = 0;
			knownRegions = (
				en,
				Base,
			);
			mainGroup = E91526A82A6D0B9900274430;
			productRefGroup = E91526B22A6D0B9900274430 /* Products */;
			projectDirPath = "";
			projectRoot = "";
			targets = (
				E91526B02A6D0B9900274430 /* KatTok */,
				E91526C62A6D0B9B00274430 /* KatTokTests */,
				E91526D02A6D0B9B00274430 /* KatTokUITests */,
			);
		};
/* End PBXProject section */

/* Begin PBXResourcesBuildPhase section */
		E91526AF2A6D0B9900274430 /* Resources */ = {
			isa = PBXResourcesBuildPhase;
			buildActionMask = 2147483647;
			files = (
				E91526C12A6D0B9B00274430 /* LaunchScreen.storyboard in Resources */,
				E91526E72A6D134300274430 /* GoogleService-Info.plist in Resources */,
				E91526BE2A6D0B9B00274430 /* Assets.xcassets in Resources */,
				E91526BC2A6D0B9900274430 /* Main.storyboard in Resources */,
			);
			runOnlyForDeploymentPostprocessing = 0;
		};
		E91526C52A6D0B9B00274430 /* Resources */ = {
			isa = PBXResourcesBuildPhase;
			buildActionMask = 2147483647;
			files = (
			);
			runOnlyForDeploymentPostprocessing = 0;
		};
		E91526CF2A6D0B9B00274430 /* Resources */ = {
			isa = PBXResourcesBuildPhase;
			buildActionMask = 2147483647;
			files = (
			);
			runOnlyForDeploymentPostprocessing = 0;
		};
/* End PBXResourcesBuildPhase section */

/* Begin PBXShellScriptBuildPhase section */
		09486B03FE2617598F29C7D2 /* [CP] Check Pods Manifest.lock */ = {
			isa = PBXShellScriptBuildPhase;
			buildActionMask = 2147483647;
			files = (
			);
			inputFileListPaths = (
			);
			inputPaths = (
				"${PODS_PODFILE_DIR_PATH}/Podfile.lock",
				"${PODS_ROOT}/Manifest.lock",
			);
			name = "[CP] Check Pods Manifest.lock";
			outputFileListPaths = (
			);
			outputPaths = (
				"$(DERIVED_FILE_DIR)/Pods-KatTok-checkManifestLockResult.txt",
			);
			runOnlyForDeploymentPostprocessing = 0;
			shellPath = /bin/sh;
			shellScript = "diff \"${PODS_PODFILE_DIR_PATH}/Podfile.lock\" \"${PODS_ROOT}/Manifest.lock\" > /dev/null\nif [ $? != 0 ] ; then\n    # print error to STDERR\n    echo \"error: The sandbox is not in sync with the Podfile.lock. Run 'pod install' or update your CocoaPods installation.\" >&2\n    exit 1\nfi\n# This output is used by Xcode 'outputs' to avoid re-running this script phase.\necho \"SUCCESS\" > \"${SCRIPT_OUTPUT_FILE_0}\"\n";
			showEnvVarsInLog = 0;
		};
		3F9AB88E9801DDD217625103 /* [CP] Check Pods Manifest.lock */ = {
			isa = PBXShellScriptBuildPhase;
			buildActionMask = 2147483647;
			files = (
			);
			inputFileListPaths = (
			);
			inputPaths = (
				"${PODS_PODFILE_DIR_PATH}/Podfile.lock",
				"${PODS_ROOT}/Manifest.lock",
			);
			name = "[CP] Check Pods Manifest.lock";
			outputFileListPaths = (
			);
			outputPaths = (
				"$(DERIVED_FILE_DIR)/Pods-KatTokTests-checkManifestLockResult.txt",
			);
			runOnlyForDeploymentPostprocessing = 0;
			shellPath = /bin/sh;
			shellScript = "diff \"${PODS_PODFILE_DIR_PATH}/Podfile.lock\" \"${PODS_ROOT}/Manifest.lock\" > /dev/null\nif [ $? != 0 ] ; then\n    # print error to STDERR\n    echo \"error: The sandbox is not in sync with the Podfile.lock. Run 'pod install' or update your CocoaPods installation.\" >&2\n    exit 1\nfi\n# This output is used by Xcode 'outputs' to avoid re-running this script phase.\necho \"SUCCESS\" > \"${SCRIPT_OUTPUT_FILE_0}\"\n";
			showEnvVarsInLog = 0;
		};
		846CA8E5F16E4EF207160D07 /* [CP] Check Pods Manifest.lock */ = {
			isa = PBXShellScriptBuildPhase;
			buildActionMask = 2147483647;
			files = (
			);
			inputFileListPaths = (
			);
			inputPaths = (
				"${PODS_PODFILE_DIR_PATH}/Podfile.lock",
				"${PODS_ROOT}/Manifest.lock",
			);
			name = "[CP] Check Pods Manifest.lock";
			outputFileListPaths = (
			);
			outputPaths = (
				"$(DERIVED_FILE_DIR)/Pods-KatTok-KatTokUITests-checkManifestLockResult.txt",
			);
			runOnlyForDeploymentPostprocessing = 0;
			shellPath = /bin/sh;
			shellScript = "diff \"${PODS_PODFILE_DIR_PATH}/Podfile.lock\" \"${PODS_ROOT}/Manifest.lock\" > /dev/null\nif [ $? != 0 ] ; then\n    # print error to STDERR\n    echo \"error: The sandbox is not in sync with the Podfile.lock. Run 'pod install' or update your CocoaPods installation.\" >&2\n    exit 1\nfi\n# This output is used by Xcode 'outputs' to avoid re-running this script phase.\necho \"SUCCESS\" > \"${SCRIPT_OUTPUT_FILE_0}\"\n";
			showEnvVarsInLog = 0;
		};
		E86FD0C42275A4A0270E3F3B /* [CP] Embed Pods Frameworks */ = {
			isa = PBXShellScriptBuildPhase;
			buildActionMask = 2147483647;
			files = (
			);
			inputFileListPaths = (
				"${PODS_ROOT}/Target Support Files/Pods-KatTok-KatTokUITests/Pods-KatTok-KatTokUITests-frameworks-${CONFIGURATION}-input-files.xcfilelist",
			);
			name = "[CP] Embed Pods Frameworks";
			outputFileListPaths = (
				"${PODS_ROOT}/Target Support Files/Pods-KatTok-KatTokUITests/Pods-KatTok-KatTokUITests-frameworks-${CONFIGURATION}-output-files.xcfilelist",
			);
			runOnlyForDeploymentPostprocessing = 0;
			shellPath = /bin/sh;
			shellScript = "\"${PODS_ROOT}/Target Support Files/Pods-KatTok-KatTokUITests/Pods-KatTok-KatTokUITests-frameworks.sh\"\n";
			showEnvVarsInLog = 0;
		};
		EDF5CD9F371CD02421027FDC /* [CP] Embed Pods Frameworks */ = {
			isa = PBXShellScriptBuildPhase;
			buildActionMask = 2147483647;
			files = (
			);
			inputFileListPaths = (
				"${PODS_ROOT}/Target Support Files/Pods-KatTok/Pods-KatTok-frameworks-${CONFIGURATION}-input-files.xcfilelist",
			);
			name = "[CP] Embed Pods Frameworks";
			outputFileListPaths = (
				"${PODS_ROOT}/Target Support Files/Pods-KatTok/Pods-KatTok-frameworks-${CONFIGURATION}-output-files.xcfilelist",
			);
			runOnlyForDeploymentPostprocessing = 0;
			shellPath = /bin/sh;
			shellScript = "\"${PODS_ROOT}/Target Support Files/Pods-KatTok/Pods-KatTok-frameworks.sh\"\n";
			showEnvVarsInLog = 0;
		};
/* End PBXShellScriptBuildPhase section */

/* Begin PBXSourcesBuildPhase section */
		E91526AD2A6D0B9900274430 /* Sources */ = {
			isa = PBXSourcesBuildPhase;
			buildActionMask = 2147483647;
			files = (
				E91526EA2A6D172500274430 /* AppCoordinator.swift in Sources */,
				E915271D2A6D2BB400274430 /* UploadViewController.swift in Sources */,
				E91527272A6D2ECD00274430 /* ChatCoordinator.swift in Sources */,
				E91526B92A6D0B9900274430 /* ViewController.swift in Sources */,
				E91526F62A6D1B4400274430 /* TabBarCoordinator.swift in Sources */,
				E91527112A6D28E900274430 /* ShortsViewModel.swift in Sources */,
				E91526EE2A6D175100274430 /* CoordinatorProtocol.swift in Sources */,
				E91526EC2A6D173F00274430 /* DIContainer.swift in Sources */,
				E915271B2A6D2B7700274430 /* BrowseViewController.swift in Sources */,
				E91527252A6D2EBF00274430 /* UploadCoordinator.swift in Sources */,
				E915270D2A6D27AD00274430 /* ShortsCoordinator.swift in Sources */,
				E91527212A6D2BCE00274430 /* ProfileViewController.swift in Sources */,
				E91526F12A6D188700274430 /* FirebaseService.swift in Sources */,
				E91527292A6D2EDD00274430 /* ProfileCoordinator.swift in Sources */,
				E91527172A6D2B2600274430 /* ChatViewModel.swift in Sources */,
				E91527192A6D2B3C00274430 /* ProfileViewModel.swift in Sources */,
				E915272C2A6D446B00274430 /* TabBarViewController.swift in Sources */,
				E91527152A6D2B0100274430 /* UploadViewModel.swift in Sources */,
				E915270F2A6D28AE00274430 /* ShortsViewController.swift in Sources */,
				E91526B52A6D0B9900274430 /* AppDelegate.swift in Sources */,
				E91527232A6D2EA800274430 /* BrowseCoordinator.swift in Sources */,
				E91527132A6D2ACD00274430 /* BrowseViewModel.swift in Sources */,
				E915272E2A6D8A0300274430 /* UploadShortsCoordinator.swift in Sources */,
				E915271F2A6D2BBF00274430 /* ChatViewController.swift in Sources */,
				E91526B72A6D0B9900274430 /* SceneDelegate.swift in Sources */,
			);
			runOnlyForDeploymentPostprocessing = 0;
		};
		E91526C32A6D0B9B00274430 /* Sources */ = {
			isa = PBXSourcesBuildPhase;
			buildActionMask = 2147483647;
			files = (
				E91526CC2A6D0B9B00274430 /* KatTokTests.swift in Sources */,
			);
			runOnlyForDeploymentPostprocessing = 0;
		};
		E91526CD2A6D0B9B00274430 /* Sources */ = {
			isa = PBXSourcesBuildPhase;
			buildActionMask = 2147483647;
			files = (
				E91526D82A6D0B9B00274430 /* KatTokUITestsLaunchTests.swift in Sources */,
				E91526D62A6D0B9B00274430 /* KatTokUITests.swift in Sources */,
			);
			runOnlyForDeploymentPostprocessing = 0;
		};
/* End PBXSourcesBuildPhase section */

/* Begin PBXTargetDependency section */
		E91526C92A6D0B9B00274430 /* PBXTargetDependency */ = {
			isa = PBXTargetDependency;
			target = E91526B02A6D0B9900274430 /* KatTok */;
			targetProxy = E91526C82A6D0B9B00274430 /* PBXContainerItemProxy */;
		};
		E91526D32A6D0B9B00274430 /* PBXTargetDependency */ = {
			isa = PBXTargetDependency;
			target = E91526B02A6D0B9900274430 /* KatTok */;
			targetProxy = E91526D22A6D0B9B00274430 /* PBXContainerItemProxy */;
		};
/* End PBXTargetDependency section */

/* Begin PBXVariantGroup section */
		E91526BA2A6D0B9900274430 /* Main.storyboard */ = {
			isa = PBXVariantGroup;
			children = (
				E91526BB2A6D0B9900274430 /* Base */,
			);
			name = Main.storyboard;
			sourceTree = "<group>";
		};
		E91526BF2A6D0B9B00274430 /* LaunchScreen.storyboard */ = {
			isa = PBXVariantGroup;
			children = (
				E91526C02A6D0B9B00274430 /* Base */,
			);
			name = LaunchScreen.storyboard;
			sourceTree = "<group>";
		};
/* End PBXVariantGroup section */

/* Begin XCBuildConfiguration section */
		E91526D92A6D0B9B00274430 /* Debug */ = {
			isa = XCBuildConfiguration;
			buildSettings = {
				ALWAYS_SEARCH_USER_PATHS = NO;
				CLANG_ANALYZER_NONNULL = YES;
				CLANG_ANALYZER_NUMBER_OBJECT_CONVERSION = YES_AGGRESSIVE;
				CLANG_CXX_LANGUAGE_STANDARD = "gnu++20";
				CLANG_ENABLE_MODULES = YES;
				CLANG_ENABLE_OBJC_ARC = YES;
				CLANG_ENABLE_OBJC_WEAK = YES;
				CLANG_WARN_BLOCK_CAPTURE_AUTORELEASING = YES;
				CLANG_WARN_BOOL_CONVERSION = YES;
				CLANG_WARN_COMMA = YES;
				CLANG_WARN_CONSTANT_CONVERSION = YES;
				CLANG_WARN_DEPRECATED_OBJC_IMPLEMENTATIONS = YES;
				CLANG_WARN_DIRECT_OBJC_ISA_USAGE = YES_ERROR;
				CLANG_WARN_DOCUMENTATION_COMMENTS = YES;
				CLANG_WARN_EMPTY_BODY = YES;
				CLANG_WARN_ENUM_CONVERSION = YES;
				CLANG_WARN_INFINITE_RECURSION = YES;
				CLANG_WARN_INT_CONVERSION = YES;
				CLANG_WARN_NON_LITERAL_NULL_CONVERSION = YES;
				CLANG_WARN_OBJC_IMPLICIT_RETAIN_SELF = YES;
				CLANG_WARN_OBJC_LITERAL_CONVERSION = YES;
				CLANG_WARN_OBJC_ROOT_CLASS = YES_ERROR;
				CLANG_WARN_QUOTED_INCLUDE_IN_FRAMEWORK_HEADER = YES;
				CLANG_WARN_RANGE_LOOP_ANALYSIS = YES;
				CLANG_WARN_STRICT_PROTOTYPES = YES;
				CLANG_WARN_SUSPICIOUS_MOVE = YES;
				CLANG_WARN_UNGUARDED_AVAILABILITY = YES_AGGRESSIVE;
				CLANG_WARN_UNREACHABLE_CODE = YES;
				CLANG_WARN__DUPLICATE_METHOD_MATCH = YES;
				COPY_PHASE_STRIP = NO;
				DEBUG_INFORMATION_FORMAT = dwarf;
				ENABLE_STRICT_OBJC_MSGSEND = YES;
				ENABLE_TESTABILITY = YES;
				GCC_C_LANGUAGE_STANDARD = gnu11;
				GCC_DYNAMIC_NO_PIC = NO;
				GCC_NO_COMMON_BLOCKS = YES;
				GCC_OPTIMIZATION_LEVEL = 0;
				GCC_PREPROCESSOR_DEFINITIONS = (
					"DEBUG=1",
					"$(inherited)",
				);
				GCC_WARN_64_TO_32_BIT_CONVERSION = YES;
				GCC_WARN_ABOUT_RETURN_TYPE = YES_ERROR;
				GCC_WARN_UNDECLARED_SELECTOR = YES;
				GCC_WARN_UNINITIALIZED_AUTOS = YES_AGGRESSIVE;
				GCC_WARN_UNUSED_FUNCTION = YES;
				GCC_WARN_UNUSED_VARIABLE = YES;
				IPHONEOS_DEPLOYMENT_TARGET = 16.4;
				MTL_ENABLE_DEBUG_INFO = INCLUDE_SOURCE;
				MTL_FAST_MATH = YES;
				ONLY_ACTIVE_ARCH = YES;
				SDKROOT = iphoneos;
				SWIFT_ACTIVE_COMPILATION_CONDITIONS = DEBUG;
				SWIFT_OPTIMIZATION_LEVEL = "-Onone";
			};
			name = Debug;
		};
		E91526DA2A6D0B9B00274430 /* Release */ = {
			isa = XCBuildConfiguration;
			buildSettings = {
				ALWAYS_SEARCH_USER_PATHS = NO;
				CLANG_ANALYZER_NONNULL = YES;
				CLANG_ANALYZER_NUMBER_OBJECT_CONVERSION = YES_AGGRESSIVE;
				CLANG_CXX_LANGUAGE_STANDARD = "gnu++20";
				CLANG_ENABLE_MODULES = YES;
				CLANG_ENABLE_OBJC_ARC = YES;
				CLANG_ENABLE_OBJC_WEAK = YES;
				CLANG_WARN_BLOCK_CAPTURE_AUTORELEASING = YES;
				CLANG_WARN_BOOL_CONVERSION = YES;
				CLANG_WARN_COMMA = YES;
				CLANG_WARN_CONSTANT_CONVERSION = YES;
				CLANG_WARN_DEPRECATED_OBJC_IMPLEMENTATIONS = YES;
				CLANG_WARN_DIRECT_OBJC_ISA_USAGE = YES_ERROR;
				CLANG_WARN_DOCUMENTATION_COMMENTS = YES;
				CLANG_WARN_EMPTY_BODY = YES;
				CLANG_WARN_ENUM_CONVERSION = YES;
				CLANG_WARN_INFINITE_RECURSION = YES;
				CLANG_WARN_INT_CONVERSION = YES;
				CLANG_WARN_NON_LITERAL_NULL_CONVERSION = YES;
				CLANG_WARN_OBJC_IMPLICIT_RETAIN_SELF = YES;
				CLANG_WARN_OBJC_LITERAL_CONVERSION = YES;
				CLANG_WARN_OBJC_ROOT_CLASS = YES_ERROR;
				CLANG_WARN_QUOTED_INCLUDE_IN_FRAMEWORK_HEADER = YES;
				CLANG_WARN_RANGE_LOOP_ANALYSIS = YES;
				CLANG_WARN_STRICT_PROTOTYPES = YES;
				CLANG_WARN_SUSPICIOUS_MOVE = YES;
				CLANG_WARN_UNGUARDED_AVAILABILITY = YES_AGGRESSIVE;
				CLANG_WARN_UNREACHABLE_CODE = YES;
				CLANG_WARN__DUPLICATE_METHOD_MATCH = YES;
				COPY_PHASE_STRIP = NO;
				DEBUG_INFORMATION_FORMAT = "dwarf-with-dsym";
				ENABLE_NS_ASSERTIONS = NO;
				ENABLE_STRICT_OBJC_MSGSEND = YES;
				GCC_C_LANGUAGE_STANDARD = gnu11;
				GCC_NO_COMMON_BLOCKS = YES;
				GCC_WARN_64_TO_32_BIT_CONVERSION = YES;
				GCC_WARN_ABOUT_RETURN_TYPE = YES_ERROR;
				GCC_WARN_UNDECLARED_SELECTOR = YES;
				GCC_WARN_UNINITIALIZED_AUTOS = YES_AGGRESSIVE;
				GCC_WARN_UNUSED_FUNCTION = YES;
				GCC_WARN_UNUSED_VARIABLE = YES;
				IPHONEOS_DEPLOYMENT_TARGET = 16.4;
				MTL_ENABLE_DEBUG_INFO = NO;
				MTL_FAST_MATH = YES;
				SDKROOT = iphoneos;
				SWIFT_COMPILATION_MODE = wholemodule;
				SWIFT_OPTIMIZATION_LEVEL = "-O";
				VALIDATE_PRODUCT = YES;
			};
			name = Release;
		};
		E91526DC2A6D0B9B00274430 /* Debug */ = {
			isa = XCBuildConfiguration;
			baseConfigurationReference = 4647641FF8A41173576C2EE8 /* Pods-KatTok.debug.xcconfig */;
			buildSettings = {
				ASSETCATALOG_COMPILER_APPICON_NAME = AppIcon;
				ASSETCATALOG_COMPILER_GLOBAL_ACCENT_COLOR_NAME = AccentColor;
				CODE_SIGN_STYLE = Automatic;
				CURRENT_PROJECT_VERSION = 1;
				GENERATE_INFOPLIST_FILE = YES;
				INFOPLIST_FILE = KatTok/Info.plist;
				INFOPLIST_KEY_UIApplicationSupportsIndirectInputEvents = YES;
				INFOPLIST_KEY_UILaunchStoryboardName = LaunchScreen;
				INFOPLIST_KEY_UIMainStoryboardFile = Main;
				INFOPLIST_KEY_UISupportedInterfaceOrientations_iPad = "UIInterfaceOrientationPortrait UIInterfaceOrientationPortraitUpsideDown UIInterfaceOrientationLandscapeLeft UIInterfaceOrientationLandscapeRight";
				INFOPLIST_KEY_UISupportedInterfaceOrientations_iPhone = "UIInterfaceOrientationPortrait UIInterfaceOrientationLandscapeLeft UIInterfaceOrientationLandscapeRight";
				LD_RUNPATH_SEARCH_PATHS = (
					"$(inherited)",
					"@executable_path/Frameworks",
				);
				MARKETING_VERSION = 1.0;
				PRODUCT_BUNDLE_IDENTIFIER = yummyHawaiianPizzaKim.KatTok;
				PRODUCT_NAME = "$(TARGET_NAME)";
				SWIFT_EMIT_LOC_STRINGS = YES;
				SWIFT_VERSION = 5.0;
				TARGETED_DEVICE_FAMILY = "1,2";
			};
			name = Debug;
		};
		E91526DD2A6D0B9B00274430 /* Release */ = {
			isa = XCBuildConfiguration;
			baseConfigurationReference = 7CA9FB09B2361F364B67322B /* Pods-KatTok.release.xcconfig */;
			buildSettings = {
				ASSETCATALOG_COMPILER_APPICON_NAME = AppIcon;
				ASSETCATALOG_COMPILER_GLOBAL_ACCENT_COLOR_NAME = AccentColor;
				CODE_SIGN_STYLE = Automatic;
				CURRENT_PROJECT_VERSION = 1;
				GENERATE_INFOPLIST_FILE = YES;
				INFOPLIST_FILE = KatTok/Info.plist;
				INFOPLIST_KEY_UIApplicationSupportsIndirectInputEvents = YES;
				INFOPLIST_KEY_UILaunchStoryboardName = LaunchScreen;
				INFOPLIST_KEY_UIMainStoryboardFile = Main;
				INFOPLIST_KEY_UISupportedInterfaceOrientations_iPad = "UIInterfaceOrientationPortrait UIInterfaceOrientationPortraitUpsideDown UIInterfaceOrientationLandscapeLeft UIInterfaceOrientationLandscapeRight";
				INFOPLIST_KEY_UISupportedInterfaceOrientations_iPhone = "UIInterfaceOrientationPortrait UIInterfaceOrientationLandscapeLeft UIInterfaceOrientationLandscapeRight";
				LD_RUNPATH_SEARCH_PATHS = (
					"$(inherited)",
					"@executable_path/Frameworks",
				);
				MARKETING_VERSION = 1.0;
				PRODUCT_BUNDLE_IDENTIFIER = yummyHawaiianPizzaKim.KatTok;
				PRODUCT_NAME = "$(TARGET_NAME)";
				SWIFT_EMIT_LOC_STRINGS = YES;
				SWIFT_VERSION = 5.0;
				TARGETED_DEVICE_FAMILY = "1,2";
			};
			name = Release;
		};
		E91526DF2A6D0B9B00274430 /* Debug */ = {
			isa = XCBuildConfiguration;
			baseConfigurationReference = 4E8BAFF5584ED7567A98CBCE /* Pods-KatTokTests.debug.xcconfig */;
			buildSettings = {
				ALWAYS_EMBED_SWIFT_STANDARD_LIBRARIES = YES;
				BUNDLE_LOADER = "$(TEST_HOST)";
				CODE_SIGN_STYLE = Automatic;
				CURRENT_PROJECT_VERSION = 1;
				GENERATE_INFOPLIST_FILE = YES;
				IPHONEOS_DEPLOYMENT_TARGET = 16.4;
				MARKETING_VERSION = 1.0;
				PRODUCT_BUNDLE_IDENTIFIER = yummyHawaiianPizzaKim.KatTokTests;
				PRODUCT_NAME = "$(TARGET_NAME)";
				SWIFT_EMIT_LOC_STRINGS = NO;
				SWIFT_VERSION = 5.0;
				TARGETED_DEVICE_FAMILY = "1,2";
				TEST_HOST = "$(BUILT_PRODUCTS_DIR)/KatTok.app/$(BUNDLE_EXECUTABLE_FOLDER_PATH)/KatTok";
			};
			name = Debug;
		};
		E91526E02A6D0B9B00274430 /* Release */ = {
			isa = XCBuildConfiguration;
			baseConfigurationReference = 6E568DA57AC39AE977DA86D9 /* Pods-KatTokTests.release.xcconfig */;
			buildSettings = {
				ALWAYS_EMBED_SWIFT_STANDARD_LIBRARIES = YES;
				BUNDLE_LOADER = "$(TEST_HOST)";
				CODE_SIGN_STYLE = Automatic;
				CURRENT_PROJECT_VERSION = 1;
				GENERATE_INFOPLIST_FILE = YES;
				IPHONEOS_DEPLOYMENT_TARGET = 16.4;
				MARKETING_VERSION = 1.0;
				PRODUCT_BUNDLE_IDENTIFIER = yummyHawaiianPizzaKim.KatTokTests;
				PRODUCT_NAME = "$(TARGET_NAME)";
				SWIFT_EMIT_LOC_STRINGS = NO;
				SWIFT_VERSION = 5.0;
				TARGETED_DEVICE_FAMILY = "1,2";
				TEST_HOST = "$(BUILT_PRODUCTS_DIR)/KatTok.app/$(BUNDLE_EXECUTABLE_FOLDER_PATH)/KatTok";
			};
			name = Release;
		};
		E91526E22A6D0B9B00274430 /* Debug */ = {
			isa = XCBuildConfiguration;
			baseConfigurationReference = 6452872E346877F8936183EE /* Pods-KatTok-KatTokUITests.debug.xcconfig */;
			buildSettings = {
				ALWAYS_EMBED_SWIFT_STANDARD_LIBRARIES = YES;
				CODE_SIGN_STYLE = Automatic;
				CURRENT_PROJECT_VERSION = 1;
				GENERATE_INFOPLIST_FILE = YES;
				MARKETING_VERSION = 1.0;
				PRODUCT_BUNDLE_IDENTIFIER = yummyHawaiianPizzaKim.KatTokUITests;
				PRODUCT_NAME = "$(TARGET_NAME)";
				SWIFT_EMIT_LOC_STRINGS = NO;
				SWIFT_VERSION = 5.0;
				TARGETED_DEVICE_FAMILY = "1,2";
				TEST_TARGET_NAME = KatTok;
			};
			name = Debug;
		};
		E91526E32A6D0B9B00274430 /* Release */ = {
			isa = XCBuildConfiguration;
			baseConfigurationReference = D81AF229E4AD4861B058DBF7 /* Pods-KatTok-KatTokUITests.release.xcconfig */;
			buildSettings = {
				ALWAYS_EMBED_SWIFT_STANDARD_LIBRARIES = YES;
				CODE_SIGN_STYLE = Automatic;
				CURRENT_PROJECT_VERSION = 1;
				GENERATE_INFOPLIST_FILE = YES;
				MARKETING_VERSION = 1.0;
				PRODUCT_BUNDLE_IDENTIFIER = yummyHawaiianPizzaKim.KatTokUITests;
				PRODUCT_NAME = "$(TARGET_NAME)";
				SWIFT_EMIT_LOC_STRINGS = NO;
				SWIFT_VERSION = 5.0;
				TARGETED_DEVICE_FAMILY = "1,2";
				TEST_TARGET_NAME = KatTok;
			};
			name = Release;
		};
/* End XCBuildConfiguration section */

/* Begin XCConfigurationList section */
		E91526AC2A6D0B9900274430 /* Build configuration list for PBXProject "KatTok" */ = {
			isa = XCConfigurationList;
			buildConfigurations = (
				E91526D92A6D0B9B00274430 /* Debug */,
				E91526DA2A6D0B9B00274430 /* Release */,
			);
			defaultConfigurationIsVisible = 0;
			defaultConfigurationName = Release;
		};
		E91526DB2A6D0B9B00274430 /* Build configuration list for PBXNativeTarget "KatTok" */ = {
			isa = XCConfigurationList;
			buildConfigurations = (
				E91526DC2A6D0B9B00274430 /* Debug */,
				E91526DD2A6D0B9B00274430 /* Release */,
			);
			defaultConfigurationIsVisible = 0;
			defaultConfigurationName = Release;
		};
		E91526DE2A6D0B9B00274430 /* Build configuration list for PBXNativeTarget "KatTokTests" */ = {
			isa = XCConfigurationList;
			buildConfigurations = (
				E91526DF2A6D0B9B00274430 /* Debug */,
				E91526E02A6D0B9B00274430 /* Release */,
			);
			defaultConfigurationIsVisible = 0;
			defaultConfigurationName = Release;
		};
		E91526E12A6D0B9B00274430 /* Build configuration list for PBXNativeTarget "KatTokUITests" */ = {
			isa = XCConfigurationList;
			buildConfigurations = (
				E91526E22A6D0B9B00274430 /* Debug */,
				E91526E32A6D0B9B00274430 /* Release */,
			);
			defaultConfigurationIsVisible = 0;
			defaultConfigurationName = Release;
		};
/* End XCConfigurationList section */
	};
	rootObject = E91526A92A6D0B9900274430 /* Project object */;
}
